// !$*UTF8*$!
{
	archiveVersion = 1;
	classes = {
	};
	objectVersion = 50;
	objects = {

/* Begin PBXBuildFile section */
		3314541E21AD424F00C4D438 /* SaveDataOperation.swift in Sources */ = {isa = PBXBuildFile; fileRef = 3314541D21AD424F00C4D438 /* SaveDataOperation.swift */; };
		3317E67B21F85CFE0055DE4B /* LoadingViewController.swift in Sources */ = {isa = PBXBuildFile; fileRef = 3317E67A21F85CFE0055DE4B /* LoadingViewController.swift */; };
		3317E68221F863A30055DE4B /* Extension.swift in Sources */ = {isa = PBXBuildFile; fileRef = 3317E68121F863A30055DE4B /* Extension.swift */; };
		33269E4D21AC7C2700BBD04A /* BusInfoViewModel.swift in Sources */ = {isa = PBXBuildFile; fileRef = 33269E4C21AC7C2700BBD04A /* BusInfoViewModel.swift */; };
		3359321921DBB604001339B6 /* BusStop.swift in Sources */ = {isa = PBXBuildFile; fileRef = 3359321821DBB604001339B6 /* BusStop.swift */; };
		3364520321A1B6B400D7073F /* TravelInfomation.swift in Sources */ = {isa = PBXBuildFile; fileRef = 3364520221A1B6B400D7073F /* TravelInfomation.swift */; };
		3364520521A1B75600D7073F /* HttpTravelInfoRequest.swift in Sources */ = {isa = PBXBuildFile; fileRef = 3364520421A1B75600D7073F /* HttpTravelInfoRequest.swift */; };
		3364520821A3009200D7073F /* LocationService.swift in Sources */ = {isa = PBXBuildFile; fileRef = 3364520721A3009200D7073F /* LocationService.swift */; };
		336F250C21C8DFE0005183F9 /* HttpArrivalTimeReguest.swift in Sources */ = {isa = PBXBuildFile; fileRef = 336F250B21C8DFE0005183F9 /* HttpArrivalTimeReguest.swift */; };
		33884B31219D7B940080A196 /* AppDelegate.swift in Sources */ = {isa = PBXBuildFile; fileRef = 33884B30219D7B940080A196 /* AppDelegate.swift */; };
		33884B33219D7B940080A196 /* BusInfoViewController.swift in Sources */ = {isa = PBXBuildFile; fileRef = 33884B32219D7B940080A196 /* BusInfoViewController.swift */; };
		33884B36219D7B940080A196 /* Main.storyboard in Resources */ = {isa = PBXBuildFile; fileRef = 33884B34219D7B940080A196 /* Main.storyboard */; };
		33884B38219D7B950080A196 /* Assets.xcassets in Resources */ = {isa = PBXBuildFile; fileRef = 33884B37219D7B950080A196 /* Assets.xcassets */; };
		33884B3B219D7B950080A196 /* LaunchScreen.storyboard in Resources */ = {isa = PBXBuildFile; fileRef = 33884B39219D7B950080A196 /* LaunchScreen.storyboard */; };
		33884B52219D83A60080A196 /* Default-568h@2x.png in Resources */ = {isa = PBXBuildFile; fileRef = 33884B51219D83A60080A196 /* Default-568h@2x.png */; };
		33884B56219D89EB0080A196 /* BusInfoScreenCell.swift in Sources */ = {isa = PBXBuildFile; fileRef = 33884B54219D89EB0080A196 /* BusInfoScreenCell.swift */; };
		33884B57219D89EB0080A196 /* CollectionViewCell.xib in Resources */ = {isa = PBXBuildFile; fileRef = 33884B55219D89EB0080A196 /* CollectionViewCell.xib */; };
		3389D4BC21C26AED00B3D4F1 /* PlaceAnnotation.swift in Sources */ = {isa = PBXBuildFile; fileRef = 3389D4BB21C26AED00B3D4F1 /* PlaceAnnotation.swift */; };
		3390B52621AEABF1005C4DDE /* Coordinates.swift in Sources */ = {isa = PBXBuildFile; fileRef = 3390B52521AEABF1005C4DDE /* Coordinates.swift */; };
		33BB964A21ECC6FF00F797A4 /* Buses.swift in Sources */ = {isa = PBXBuildFile; fileRef = 33BB964921ECC6FF00F797A4 /* Buses.swift */; };
		33DD3277219E025700C8C536 /* DataSource.swift in Sources */ = {isa = PBXBuildFile; fileRef = 33DD3276219E025700C8C536 /* DataSource.swift */; };
		33DD327A219E08EC00C8C536 /* Results.swift in Sources */ = {isa = PBXBuildFile; fileRef = 33DD3279219E08EC00C8C536 /* Results.swift */; };
		33E71FAE2228010300F2FDD1 /* StopAnnotationView.swift in Sources */ = {isa = PBXBuildFile; fileRef = 33E71FAD2228010300F2FDD1 /* StopAnnotationView.swift */; };
		33E71FB0222802EC00F2FDD1 /* StopAnnotationNib.xib in Resources */ = {isa = PBXBuildFile; fileRef = 33E71FAF222802EC00F2FDD1 /* StopAnnotationNib.xib */; };
		33E71FB22228564900F2FDD1 /* AnnotationView.swift in Sources */ = {isa = PBXBuildFile; fileRef = 33E71FB12228564900F2FDD1 /* AnnotationView.swift */; };
/* End PBXBuildFile section */

/* Begin PBXContainerItemProxy section */
		33884B42219D7B950080A196 /* PBXContainerItemProxy */ = {
			isa = PBXContainerItemProxy;
			containerPortal = 33884B25219D7B940080A196 /* Project object */;
			proxyType = 1;
			remoteGlobalIDString = 33884B2C219D7B940080A196;
			remoteInfo = BusTimes;
		};
/* End PBXContainerItemProxy section */

/* Begin PBXFileReference section */
		3314541D21AD424F00C4D438 /* SaveDataOperation.swift */ = {isa = PBXFileReference; lastKnownFileType = sourcecode.swift; path = SaveDataOperation.swift; sourceTree = "<group>"; };
		3317E67A21F85CFE0055DE4B /* LoadingViewController.swift */ = {isa = PBXFileReference; lastKnownFileType = sourcecode.swift; path = LoadingViewController.swift; sourceTree = "<group>"; };
		3317E68121F863A30055DE4B /* Extension.swift */ = {isa = PBXFileReference; lastKnownFileType = sourcecode.swift; path = Extension.swift; sourceTree = "<group>"; };
		33269E4C21AC7C2700BBD04A /* BusInfoViewModel.swift */ = {isa = PBXFileReference; lastKnownFileType = sourcecode.swift; path = BusInfoViewModel.swift; sourceTree = "<group>"; };
		3359321821DBB604001339B6 /* BusStop.swift */ = {isa = PBXFileReference; lastKnownFileType = sourcecode.swift; path = BusStop.swift; sourceTree = "<group>"; };
		3364520221A1B6B400D7073F /* TravelInfomation.swift */ = {isa = PBXFileReference; lastKnownFileType = sourcecode.swift; path = TravelInfomation.swift; sourceTree = "<group>"; };
		3364520421A1B75600D7073F /* HttpTravelInfoRequest.swift */ = {isa = PBXFileReference; lastKnownFileType = sourcecode.swift; path = HttpTravelInfoRequest.swift; sourceTree = "<group>"; };
		3364520721A3009200D7073F /* LocationService.swift */ = {isa = PBXFileReference; lastKnownFileType = sourcecode.swift; path = LocationService.swift; sourceTree = "<group>"; };
		336F250B21C8DFE0005183F9 /* HttpArrivalTimeReguest.swift */ = {isa = PBXFileReference; lastKnownFileType = sourcecode.swift; path = HttpArrivalTimeReguest.swift; sourceTree = "<group>"; };
		33884B2D219D7B940080A196 /* BusTimes.app */ = {isa = PBXFileReference; explicitFileType = wrapper.application; includeInIndex = 0; path = BusTimes.app; sourceTree = BUILT_PRODUCTS_DIR; };
		33884B30219D7B940080A196 /* AppDelegate.swift */ = {isa = PBXFileReference; lastKnownFileType = sourcecode.swift; path = AppDelegate.swift; sourceTree = "<group>"; };
		33884B32219D7B940080A196 /* BusInfoViewController.swift */ = {isa = PBXFileReference; lastKnownFileType = sourcecode.swift; path = BusInfoViewController.swift; sourceTree = "<group>"; };
		33884B35219D7B940080A196 /* Base */ = {isa = PBXFileReference; lastKnownFileType = file.storyboard; name = Base; path = Base.lproj/Main.storyboard; sourceTree = "<group>"; };
		33884B37219D7B950080A196 /* Assets.xcassets */ = {isa = PBXFileReference; lastKnownFileType = folder.assetcatalog; path = Assets.xcassets; sourceTree = "<group>"; };
		33884B3A219D7B950080A196 /* Base */ = {isa = PBXFileReference; lastKnownFileType = file.storyboard; name = Base; path = Base.lproj/LaunchScreen.storyboard; sourceTree = "<group>"; };
		33884B3C219D7B950080A196 /* Info.plist */ = {isa = PBXFileReference; lastKnownFileType = text.plist.xml; path = Info.plist; sourceTree = "<group>"; };
		33884B41219D7B950080A196 /* BusTimesTests.xctest */ = {isa = PBXFileReference; explicitFileType = wrapper.cfbundle; includeInIndex = 0; path = BusTimesTests.xctest; sourceTree = BUILT_PRODUCTS_DIR; };
		33884B47219D7B950080A196 /* Info.plist */ = {isa = PBXFileReference; lastKnownFileType = text.plist.xml; path = Info.plist; sourceTree = "<group>"; };
		33884B51219D83A60080A196 /* Default-568h@2x.png */ = {isa = PBXFileReference; lastKnownFileType = image.png; path = "Default-568h@2x.png"; sourceTree = "<group>"; };
		33884B54219D89EB0080A196 /* BusInfoScreenCell.swift */ = {isa = PBXFileReference; lastKnownFileType = sourcecode.swift; path = BusInfoScreenCell.swift; sourceTree = "<group>"; };
		33884B55219D89EB0080A196 /* CollectionViewCell.xib */ = {isa = PBXFileReference; lastKnownFileType = file.xib; path = CollectionViewCell.xib; sourceTree = "<group>"; };
		3389D4BB21C26AED00B3D4F1 /* PlaceAnnotation.swift */ = {isa = PBXFileReference; lastKnownFileType = sourcecode.swift; path = PlaceAnnotation.swift; sourceTree = "<group>"; };
		3390B52521AEABF1005C4DDE /* Coordinates.swift */ = {isa = PBXFileReference; lastKnownFileType = sourcecode.swift; path = Coordinates.swift; sourceTree = "<group>"; };
		33BB964921ECC6FF00F797A4 /* Buses.swift */ = {isa = PBXFileReference; lastKnownFileType = sourcecode.swift; path = Buses.swift; sourceTree = "<group>"; };
		33DD3276219E025700C8C536 /* DataSource.swift */ = {isa = PBXFileReference; lastKnownFileType = sourcecode.swift; path = DataSource.swift; sourceTree = "<group>"; };
		33DD3279219E08EC00C8C536 /* Results.swift */ = {isa = PBXFileReference; lastKnownFileType = sourcecode.swift; path = Results.swift; sourceTree = "<group>"; };
		33E71FAD2228010300F2FDD1 /* StopAnnotationView.swift */ = {isa = PBXFileReference; lastKnownFileType = sourcecode.swift; path = StopAnnotationView.swift; sourceTree = "<group>"; };
		33E71FAF222802EC00F2FDD1 /* StopAnnotationNib.xib */ = {isa = PBXFileReference; lastKnownFileType = file.xib; path = StopAnnotationNib.xib; sourceTree = "<group>"; };
		33E71FB12228564900F2FDD1 /* AnnotationView.swift */ = {isa = PBXFileReference; lastKnownFileType = sourcecode.swift; path = AnnotationView.swift; sourceTree = "<group>"; };
/* End PBXFileReference section */

/* Begin PBXFrameworksBuildPhase section */
		33884B2A219D7B940080A196 /* Frameworks */ = {
			isa = PBXFrameworksBuildPhase;
			buildActionMask = 2147483647;
			files = (
			);
			runOnlyForDeploymentPostprocessing = 0;
		};
		33884B3E219D7B950080A196 /* Frameworks */ = {
			isa = PBXFrameworksBuildPhase;
			buildActionMask = 2147483647;
			files = (
			);
			runOnlyForDeploymentPostprocessing = 0;
		};
/* End PBXFrameworksBuildPhase section */

/* Begin PBXGroup section */
		3314541C21AD413700C4D438 /* DATA BANK */ = {
			isa = PBXGroup;
			children = (
				3314541D21AD424F00C4D438 /* SaveDataOperation.swift */,
				33BB964921ECC6FF00F797A4 /* Buses.swift */,
				3359321821DBB604001339B6 /* BusStop.swift */,
			);
			path = "DATA BANK";
			sourceTree = "<group>";
		};
		3317E67721F85C760055DE4B /* BusTimes */ = {
			isa = PBXGroup;
			children = (
				33884B32219D7B940080A196 /* BusInfoViewController.swift */,
				33269E4C21AC7C2700BBD04A /* BusInfoViewModel.swift */,
			);
			path = BusTimes;
			sourceTree = "<group>";
		};
		3317E67921F85CD30055DE4B /* Loading */ = {
			isa = PBXGroup;
			children = (
				3317E67A21F85CFE0055DE4B /* LoadingViewController.swift */,
			);
			path = Loading;
			sourceTree = "<group>";
		};
		3364520621A2EDAC00D7073F /* Location Services */ = {
			isa = PBXGroup;
			children = (
				3364520721A3009200D7073F /* LocationService.swift */,
			);
			path = "Location Services";
			sourceTree = "<group>";
		};
		33884B24219D7B940080A196 = {
			isa = PBXGroup;
			children = (
				33DD3278219E083E00C8C536 /* Helpers */,
				33884B2F219D7B940080A196 /* Bus Times Screen */,
				3314541C21AD413700C4D438 /* DATA BANK */,
				3364520621A2EDAC00D7073F /* Location Services */,
				33DD327B219E0A0A00C8C536 /* Entities */,
				33DD3275219DFD0E00C8C536 /* Services */,
				33884B50219D7C7D0080A196 /* Supporting Files */,
				33884B44219D7B950080A196 /* BusTimesTests */,
				33884B2E219D7B940080A196 /* Products */,
			);
			sourceTree = "<group>";
		};
		33884B2E219D7B940080A196 /* Products */ = {
			isa = PBXGroup;
			children = (
				33884B2D219D7B940080A196 /* BusTimes.app */,
				33884B41219D7B950080A196 /* BusTimesTests.xctest */,
			);
			name = Products;
			sourceTree = "<group>";
		};
		33884B2F219D7B940080A196 /* Bus Times Screen */ = {
			isa = PBXGroup;
			children = (
				33884B34219D7B940080A196 /* Main.storyboard */,
				3317E67921F85CD30055DE4B /* Loading */,
				3317E67721F85C760055DE4B /* BusTimes */,
				33884B53219D88B50080A196 /* BusInfoScreenCell */,
			);
			path = "Bus Times Screen";
			sourceTree = "<group>";
		};
		33884B44219D7B950080A196 /* BusTimesTests */ = {
			isa = PBXGroup;
			children = (
				33884B47219D7B950080A196 /* Info.plist */,
			);
			path = BusTimesTests;
			sourceTree = "<group>";
		};
		33884B50219D7C7D0080A196 /* Supporting Files */ = {
			isa = PBXGroup;
			children = (
				33884B51219D83A60080A196 /* Default-568h@2x.png */,
				33884B30219D7B940080A196 /* AppDelegate.swift */,
				33884B37219D7B950080A196 /* Assets.xcassets */,
				33884B39219D7B950080A196 /* LaunchScreen.storyboard */,
				33884B3C219D7B950080A196 /* Info.plist */,
			);
			path = "Supporting Files";
			sourceTree = "<group>";
		};
		33884B53219D88B50080A196 /* BusInfoScreenCell */ = {
			isa = PBXGroup;
			children = (
				33884B54219D89EB0080A196 /* BusInfoScreenCell.swift */,
				33884B55219D89EB0080A196 /* CollectionViewCell.xib */,
				33E71FAD2228010300F2FDD1 /* StopAnnotationView.swift */,
				33E71FAF222802EC00F2FDD1 /* StopAnnotationNib.xib */,
				33E71FB12228564900F2FDD1 /* AnnotationView.swift */,
			);
			path = BusInfoScreenCell;
			sourceTree = "<group>";
		};
		33DD3275219DFD0E00C8C536 /* Services */ = {
			isa = PBXGroup;
			children = (
				33DD3276219E025700C8C536 /* DataSource.swift */,
				3364520421A1B75600D7073F /* HttpTravelInfoRequest.swift */,
				336F250B21C8DFE0005183F9 /* HttpArrivalTimeReguest.swift */,
			);
			path = Services;
			sourceTree = "<group>";
		};
		33DD3278219E083E00C8C536 /* Helpers */ = {
			isa = PBXGroup;
			children = (
				33DD3279219E08EC00C8C536 /* Results.swift */,
				3390B52521AEABF1005C4DDE /* Coordinates.swift */,
				3317E68121F863A30055DE4B /* Extension.swift */,
			);
			path = Helpers;
			sourceTree = "<group>";
		};
		33DD327B219E0A0A00C8C536 /* Entities */ = {
			isa = PBXGroup;
			children = (
				3364520221A1B6B400D7073F /* TravelInfomation.swift */,
				3389D4BB21C26AED00B3D4F1 /* PlaceAnnotation.swift */,
			);
			path = Entities;
			sourceTree = "<group>";
		};
/* End PBXGroup section */

/* Begin PBXNativeTarget section */
		33884B2C219D7B940080A196 /* BusTimes */ = {
			isa = PBXNativeTarget;
			buildConfigurationList = 33884B4A219D7B950080A196 /* Build configuration list for PBXNativeTarget "BusTimes" */;
			buildPhases = (
				33884B29219D7B940080A196 /* Sources */,
				33884B2A219D7B940080A196 /* Frameworks */,
				33884B2B219D7B940080A196 /* Resources */,
			);
			buildRules = (
			);
			dependencies = (
			);
			name = BusTimes;
			productName = BusTimes;
			productReference = 33884B2D219D7B940080A196 /* BusTimes.app */;
			productType = "com.apple.product-type.application";
		};
		33884B40219D7B950080A196 /* BusTimesTests */ = {
			isa = PBXNativeTarget;
			buildConfigurationList = 33884B4D219D7B950080A196 /* Build configuration list for PBXNativeTarget "BusTimesTests" */;
			buildPhases = (
				33884B3D219D7B950080A196 /* Sources */,
				33884B3E219D7B950080A196 /* Frameworks */,
				33884B3F219D7B950080A196 /* Resources */,
			);
			buildRules = (
			);
			dependencies = (
				33884B43219D7B950080A196 /* PBXTargetDependency */,
			);
			name = BusTimesTests;
			productName = BusTimesTests;
			productReference = 33884B41219D7B950080A196 /* BusTimesTests.xctest */;
			productType = "com.apple.product-type.bundle.unit-test";
		};
/* End PBXNativeTarget section */

/* Begin PBXProject section */
		33884B25219D7B940080A196 /* Project object */ = {
			isa = PBXProject;
			attributes = {
				LastSwiftUpdateCheck = 1010;
				LastUpgradeCheck = 1010;
				ORGANIZATIONNAME = AKA;
				TargetAttributes = {
					33884B2C219D7B940080A196 = {
						CreatedOnToolsVersion = 10.1;
						SystemCapabilities = {
							com.apple.BackgroundModes = {
								enabled = 1;
							};
						};
					};
					33884B40219D7B950080A196 = {
						CreatedOnToolsVersion = 10.1;
						TestTargetID = 33884B2C219D7B940080A196;
					};
				};
			};
			buildConfigurationList = 33884B28219D7B940080A196 /* Build configuration list for PBXProject "BusTimes" */;
			compatibilityVersion = "Xcode 9.3";
			developmentRegion = en;
			hasScannedForEncodings = 0;
			knownRegions = (
				en,
				Base,
			);
			mainGroup = 33884B24219D7B940080A196;
			productRefGroup = 33884B2E219D7B940080A196 /* Products */;
			projectDirPath = "";
			projectRoot = "";
			targets = (
				33884B2C219D7B940080A196 /* BusTimes */,
				33884B40219D7B950080A196 /* BusTimesTests */,
			);
		};
/* End PBXProject section */

/* Begin PBXResourcesBuildPhase section */
		33884B2B219D7B940080A196 /* Resources */ = {
			isa = PBXResourcesBuildPhase;
			buildActionMask = 2147483647;
			files = (
				33884B3B219D7B950080A196 /* LaunchScreen.storyboard in Resources */,
				33884B52219D83A60080A196 /* Default-568h@2x.png in Resources */,
				33E71FB0222802EC00F2FDD1 /* StopAnnotationNib.xib in Resources */,
				33884B38219D7B950080A196 /* Assets.xcassets in Resources */,
				33884B36219D7B940080A196 /* Main.storyboard in Resources */,
				33884B57219D89EB0080A196 /* CollectionViewCell.xib in Resources */,
			);
			runOnlyForDeploymentPostprocessing = 0;
		};
		33884B3F219D7B950080A196 /* Resources */ = {
			isa = PBXResourcesBuildPhase;
			buildActionMask = 2147483647;
			files = (
			);
			runOnlyForDeploymentPostprocessing = 0;
		};
/* End PBXResourcesBuildPhase section */

/* Begin PBXSourcesBuildPhase section */
		33884B29219D7B940080A196 /* Sources */ = {
			isa = PBXSourcesBuildPhase;
			buildActionMask = 2147483647;
			files = (
				33884B33219D7B940080A196 /* BusInfoViewController.swift in Sources */,
				3364520321A1B6B400D7073F /* TravelInfomation.swift in Sources */,
				3390B52621AEABF1005C4DDE /* Coordinates.swift in Sources */,
				3317E67B21F85CFE0055DE4B /* LoadingViewController.swift in Sources */,
				33269E4D21AC7C2700BBD04A /* BusInfoViewModel.swift in Sources */,
				3389D4BC21C26AED00B3D4F1 /* PlaceAnnotation.swift in Sources */,
				3364520821A3009200D7073F /* LocationService.swift in Sources */,
				33BB964A21ECC6FF00F797A4 /* Buses.swift in Sources */,
				33884B31219D7B940080A196 /* AppDelegate.swift in Sources */,
				33E71FB22228564900F2FDD1 /* AnnotationView.swift in Sources */,
				3359321921DBB604001339B6 /* BusStop.swift in Sources */,
				33E71FAE2228010300F2FDD1 /* StopAnnotationView.swift in Sources */,
				33DD3277219E025700C8C536 /* DataSource.swift in Sources */,
				3317E68221F863A30055DE4B /* Extension.swift in Sources */,
				336F250C21C8DFE0005183F9 /* HttpArrivalTimeReguest.swift in Sources */,
				33884B56219D89EB0080A196 /* BusInfoScreenCell.swift in Sources */,
				3314541E21AD424F00C4D438 /* SaveDataOperation.swift in Sources */,
				3364520521A1B75600D7073F /* HttpTravelInfoRequest.swift in Sources */,
				33DD327A219E08EC00C8C536 /* Results.swift in Sources */,
			);
			runOnlyForDeploymentPostprocessing = 0;
		};
		33884B3D219D7B950080A196 /* Sources */ = {
			isa = PBXSourcesBuildPhase;
			buildActionMask = 2147483647;
			files = (
			);
			runOnlyForDeploymentPostprocessing = 0;
		};
/* End PBXSourcesBuildPhase section */

/* Begin PBXTargetDependency section */
		33884B43219D7B950080A196 /* PBXTargetDependency */ = {
			isa = PBXTargetDependency;
			target = 33884B2C219D7B940080A196 /* BusTimes */;
			targetProxy = 33884B42219D7B950080A196 /* PBXContainerItemProxy */;
		};
/* End PBXTargetDependency section */

/* Begin PBXVariantGroup section */
		33884B34219D7B940080A196 /* Main.storyboard */ = {
			isa = PBXVariantGroup;
			children = (
				33884B35219D7B940080A196 /* Base */,
			);
			name = Main.storyboard;
			sourceTree = "<group>";
		};
		33884B39219D7B950080A196 /* LaunchScreen.storyboard */ = {
			isa = PBXVariantGroup;
			children = (
				33884B3A219D7B950080A196 /* Base */,
			);
			name = LaunchScreen.storyboard;
			sourceTree = "<group>";
		};
/* End PBXVariantGroup section */

/* Begin XCBuildConfiguration section */
		33884B48219D7B950080A196 /* Debug */ = {
			isa = XCBuildConfiguration;
			buildSettings = {
				ALWAYS_SEARCH_USER_PATHS = NO;
				CLANG_ANALYZER_NONNULL = YES;
				CLANG_ANALYZER_NUMBER_OBJECT_CONVERSION = YES_AGGRESSIVE;
				CLANG_CXX_LANGUAGE_STANDARD = "gnu++14";
				CLANG_CXX_LIBRARY = "libc++";
				CLANG_ENABLE_MODULES = YES;
				CLANG_ENABLE_OBJC_ARC = YES;
				CLANG_ENABLE_OBJC_WEAK = YES;
				CLANG_WARN_BLOCK_CAPTURE_AUTORELEASING = YES;
				CLANG_WARN_BOOL_CONVERSION = YES;
				CLANG_WARN_COMMA = YES;
				CLANG_WARN_CONSTANT_CONVERSION = YES;
				CLANG_WARN_DEPRECATED_OBJC_IMPLEMENTATIONS = YES;
				CLANG_WARN_DIRECT_OBJC_ISA_USAGE = YES_ERROR;
				CLANG_WARN_DOCUMENTATION_COMMENTS = YES;
				CLANG_WARN_EMPTY_BODY = YES;
				CLANG_WARN_ENUM_CONVERSION = YES;
				CLANG_WARN_INFINITE_RECURSION = YES;
				CLANG_WARN_INT_CONVERSION = YES;
				CLANG_WARN_NON_LITERAL_NULL_CONVERSION = YES;
				CLANG_WARN_OBJC_IMPLICIT_RETAIN_SELF = YES;
				CLANG_WARN_OBJC_LITERAL_CONVERSION = YES;
				CLANG_WARN_OBJC_ROOT_CLASS = YES_ERROR;
				CLANG_WARN_RANGE_LOOP_ANALYSIS = YES;
				CLANG_WARN_STRICT_PROTOTYPES = YES;
				CLANG_WARN_SUSPICIOUS_MOVE = YES;
				CLANG_WARN_UNGUARDED_AVAILABILITY = YES_AGGRESSIVE;
				CLANG_WARN_UNREACHABLE_CODE = YES;
				CLANG_WARN__DUPLICATE_METHOD_MATCH = YES;
				CODE_SIGN_IDENTITY = "iPhone Developer";
				COPY_PHASE_STRIP = NO;
				DEBUG_INFORMATION_FORMAT = dwarf;
				ENABLE_STRICT_OBJC_MSGSEND = YES;
				ENABLE_TESTABILITY = YES;
				GCC_C_LANGUAGE_STANDARD = gnu11;
				GCC_DYNAMIC_NO_PIC = NO;
				GCC_NO_COMMON_BLOCKS = YES;
				GCC_OPTIMIZATION_LEVEL = 0;
				GCC_PREPROCESSOR_DEFINITIONS = (
					"DEBUG=1",
					"$(inherited)",
				);
				GCC_WARN_64_TO_32_BIT_CONVERSION = YES;
				GCC_WARN_ABOUT_RETURN_TYPE = YES_ERROR;
				GCC_WARN_UNDECLARED_SELECTOR = YES;
				GCC_WARN_UNINITIALIZED_AUTOS = YES_AGGRESSIVE;
				GCC_WARN_UNUSED_FUNCTION = YES;
				GCC_WARN_UNUSED_VARIABLE = YES;
				IPHONEOS_DEPLOYMENT_TARGET = 12.1;
				MTL_ENABLE_DEBUG_INFO = INCLUDE_SOURCE;
				MTL_FAST_MATH = YES;
				ONLY_ACTIVE_ARCH = YES;
				SDKROOT = iphoneos;
				SWIFT_ACTIVE_COMPILATION_CONDITIONS = DEBUG;
				SWIFT_OPTIMIZATION_LEVEL = "-Onone";
			};
			name = Debug;
		};
		33884B49219D7B950080A196 /* Release */ = {
			isa = XCBuildConfiguration;
			buildSettings = {
				ALWAYS_SEARCH_USER_PATHS = NO;
				CLANG_ANALYZER_NONNULL = YES;
				CLANG_ANALYZER_NUMBER_OBJECT_CONVERSION = YES_AGGRESSIVE;
				CLANG_CXX_LANGUAGE_STANDARD = "gnu++14";
				CLANG_CXX_LIBRARY = "libc++";
				CLANG_ENABLE_MODULES = YES;
				CLANG_ENABLE_OBJC_ARC = YES;
				CLANG_ENABLE_OBJC_WEAK = YES;
				CLANG_WARN_BLOCK_CAPTURE_AUTORELEASING = YES;
				CLANG_WARN_BOOL_CONVERSION = YES;
				CLANG_WARN_COMMA = YES;
				CLANG_WARN_CONSTANT_CONVERSION = YES;
				CLANG_WARN_DEPRECATED_OBJC_IMPLEMENTATIONS = YES;
				CLANG_WARN_DIRECT_OBJC_ISA_USAGE = YES_ERROR;
				CLANG_WARN_DOCUMENTATION_COMMENTS = YES;
				CLANG_WARN_EMPTY_BODY = YES;
				CLANG_WARN_ENUM_CONVERSION = YES;
				CLANG_WARN_INFINITE_RECURSION = YES;
				CLANG_WARN_INT_CONVERSION = YES;
				CLANG_WARN_NON_LITERAL_NULL_CONVERSION = YES;
				CLANG_WARN_OBJC_IMPLICIT_RETAIN_SELF = YES;
				CLANG_WARN_OBJC_LITERAL_CONVERSION = YES;
				CLANG_WARN_OBJC_ROOT_CLASS = YES_ERROR;
				CLANG_WARN_RANGE_LOOP_ANALYSIS = YES;
				CLANG_WARN_STRICT_PROTOTYPES = YES;
				CLANG_WARN_SUSPICIOUS_MOVE = YES;
				CLANG_WARN_UNGUARDED_AVAILABILITY = YES_AGGRESSIVE;
				CLANG_WARN_UNREACHABLE_CODE = YES;
				CLANG_WARN__DUPLICATE_METHOD_MATCH = YES;
				CODE_SIGN_IDENTITY = "iPhone Developer";
				COPY_PHASE_STRIP = NO;
				DEBUG_INFORMATION_FORMAT = "dwarf-with-dsym";
				ENABLE_NS_ASSERTIONS = NO;
				ENABLE_STRICT_OBJC_MSGSEND = YES;
				GCC_C_LANGUAGE_STANDARD = gnu11;
				GCC_NO_COMMON_BLOCKS = YES;
				GCC_WARN_64_TO_32_BIT_CONVERSION = YES;
				GCC_WARN_ABOUT_RETURN_TYPE = YES_ERROR;
				GCC_WARN_UNDECLARED_SELECTOR = YES;
				GCC_WARN_UNINITIALIZED_AUTOS = YES_AGGRESSIVE;
				GCC_WARN_UNUSED_FUNCTION = YES;
				GCC_WARN_UNUSED_VARIABLE = YES;
				IPHONEOS_DEPLOYMENT_TARGET = 12.1;
				MTL_ENABLE_DEBUG_INFO = NO;
				MTL_FAST_MATH = YES;
				SDKROOT = iphoneos;
				SWIFT_COMPILATION_MODE = wholemodule;
				SWIFT_OPTIMIZATION_LEVEL = "-O";
				VALIDATE_PRODUCT = YES;
			};
			name = Release;
		};
		33884B4B219D7B950080A196 /* Debug */ = {
			isa = XCBuildConfiguration;
			buildSettings = {
				ASSETCATALOG_COMPILER_APPICON_NAME = AppIcon;
				CODE_SIGN_IDENTITY = "iPhone Developer";
				CODE_SIGN_STYLE = Automatic;
				DEVELOPMENT_TEAM = ANGD9W3JT9;
				INFOPLIST_FILE = "$(SRCROOT)/Supporting Files/Info.plist";
				IPHONEOS_DEPLOYMENT_TARGET = 11.4;
				LD_RUNPATH_SEARCH_PATHS = (
					"$(inherited)",
					"@executable_path/Frameworks",
				);
				PRODUCT_BUNDLE_IDENTIFIER = uk.co.aka.BusTimes;
				PRODUCT_NAME = "$(TARGET_NAME)";
				PROVISIONING_PROFILE_SPECIFIER = "";
				SWIFT_VERSION = 4.2;
				TARGETED_DEVICE_FAMILY = "1,2";
			};
			name = Debug;
		};
		33884B4C219D7B950080A196 /* Release */ = {
			isa = XCBuildConfiguration;
			buildSettings = {
				ASSETCATALOG_COMPILER_APPICON_NAME = AppIcon;
				CODE_SIGN_IDENTITY = "iPhone Developer";
				CODE_SIGN_STYLE = Automatic;
				DEVELOPMENT_TEAM = ANGD9W3JT9;
				INFOPLIST_FILE = "$(SRCROOT)/Supporting Files/Info.plist";
				IPHONEOS_DEPLOYMENT_TARGET = 11.4;
				LD_RUNPATH_SEARCH_PATHS = (
					"$(inherited)",
					"@executable_path/Frameworks",
				);
				PRODUCT_BUNDLE_IDENTIFIER = uk.co.aka.BusTimes;
				PRODUCT_NAME = "$(TARGET_NAME)";
				PROVISIONING_PROFILE_SPECIFIER = "";
				SWIFT_VERSION = 4.2;
				TARGETED_DEVICE_FAMILY = "1,2";
			};
			name = Release;
		};
		33884B4E219D7B950080A196 /* Debug */ = {
			isa = XCBuildConfiguration;
			buildSettings = {
				ALWAYS_EMBED_SWIFT_STANDARD_LIBRARIES = YES;
				BUNDLE_LOADER = "$(TEST_HOST)";
				CODE_SIGN_STYLE = Automatic;
				DEVELOPMENT_TEAM = K7VRVBX4U9;
				INFOPLIST_FILE = BusTimesTests/Info.plist;
				LD_RUNPATH_SEARCH_PATHS = (
					"$(inherited)",
					"@executable_path/Frameworks",
					"@loader_path/Frameworks",
				);
				PRODUCT_BUNDLE_IDENTIFIER = uk.co.akunle.BusTimesTests;
				PRODUCT_NAME = "$(TARGET_NAME)";
				SWIFT_VERSION = 4.2;
				TARGETED_DEVICE_FAMILY = "1,2";
				TEST_HOST = "$(BUILT_PRODUCTS_DIR)/BusTimes.app/BusTimes";
			};
			name = Debug;
		};
		33884B4F219D7B950080A196 /* Release */ = {
			isa = XCBuildConfiguration;
			buildSettings = {
				ALWAYS_EMBED_SWIFT_STANDARD_LIBRARIES = YES;
				BUNDLE_LOADER = "$(TEST_HOST)";
				CODE_SIGN_STYLE = Automatic;
				DEVELOPMENT_TEAM = K7VRVBX4U9;
				INFOPLIST_FILE = BusTimesTests/Info.plist;
				LD_RUNPATH_SEARCH_PATHS = (
					"$(inherited)",
					"@executable_path/Frameworks",
					"@loader_path/Frameworks",
				);
				PRODUCT_BUNDLE_IDENTIFIER = uk.co.akunle.BusTimesTests;
				PRODUCT_NAME = "$(TARGET_NAME)";
				SWIFT_VERSION = 4.2;
				TARGETED_DEVICE_FAMILY = "1,2";
				TEST_HOST = "$(BUILT_PRODUCTS_DIR)/BusTimes.app/BusTimes";
			};
			name = Release;
		};
/* End XCBuildConfiguration section */

/* Begin XCConfigurationList section */
		33884B28219D7B940080A196 /* Build configuration list for PBXProject "BusTimes" */ = {
			isa = XCConfigurationList;
			buildConfigurations = (
				33884B48219D7B950080A196 /* Debug */,
				33884B49219D7B950080A196 /* Release */,
			);
			defaultConfigurationIsVisible = 0;
			defaultConfigurationName = Release;
		};
		33884B4A219D7B950080A196 /* Build configuration list for PBXNativeTarget "BusTimes" */ = {
			isa = XCConfigurationList;
			buildConfigurations = (
				33884B4B219D7B950080A196 /* Debug */,
				33884B4C219D7B950080A196 /* Release */,
			);
			defaultConfigurationIsVisible = 0;
			defaultConfigurationName = Release;
		};
		33884B4D219D7B950080A196 /* Build configuration list for PBXNativeTarget "BusTimesTests" */ = {
			isa = XCConfigurationList;
			buildConfigurations = (
				33884B4E219D7B950080A196 /* Debug */,
				33884B4F219D7B950080A196 /* Release */,
			);
			defaultConfigurationIsVisible = 0;
			defaultConfigurationName = Release;
		};
/* End XCConfigurationList section */
	};
	rootObject = 33884B25219D7B940080A196 /* Project object */;
}
